
Microsoft Visual Studio Solution File, Format Version 12.00
# Visual Studio 14
VisualStudioVersion = 14.0.25420.1
MinimumVisualStudioVersion = 10.0.40219.1
Project("{FAE04EC0-301F-11D3-BF4B-00C04F79EFBC}") = "ChildTrack.Droid", "TestDevise\TestDevise.Droid\ChildTrack.Droid.csproj", "{34D1EAFF-4C81-4416-8F55-17FAA250ED31}"
EndProject
Project("{FAE04EC0-301F-11D3-BF4B-00C04F79EFBC}") = "ChildTrack.iOS", "TestDevise\TestDevise.iOS\ChildTrack.iOS.csproj", "{7477BB4F-E789-4BB1-B329-2C3FAFBFDBCC}"
EndProject
Project("{FAE04EC0-301F-11D3-BF4B-00C04F79EFBC}") = "ChildTrack.WinPhone", "TestDevise\TestDevise.WinPhone\ChildTrack.WinPhone.csproj", "{FED1BA3A-501A-40D6-BC28-9B7EB3F77DAC}"
EndProject
Project("{FAE04EC0-301F-11D3-BF4B-00C04F79EFBC}") = "ChildTrack.UWP", "TestDevise\TestDevise.UWP\ChildTrack.UWP.csproj", "{8F8935F8-8CF5-47FA-AE48-06573F39D103}"
EndProject
Project("{FAE04EC0-301F-11D3-BF4B-00C04F79EFBC}") = "ChildTrack.Windows", "TestDevise\TestDevise.Windows\ChildTrack.Windows.csproj", "{409DE74F-BA4B-4162-9DE1-ABD6138861C9}"
EndProject
Project("{FAE04EC0-301F-11D3-BF4B-00C04F79EFBC}") = "ChildTrack", "TestDevise\TestDevise\ChildTrack.csproj", "{F4191ECB-9AF9-4B37-937D-F1A8BFB0780A}"
EndProject
Global
	GlobalSection(SolutionConfigurationPlatforms) = preSolution
		Ad-Hoc|Any CPU = Ad-Hoc|Any CPU
		Ad-Hoc|ARM = Ad-Hoc|ARM
		Ad-Hoc|iPhone = Ad-Hoc|iPhone
		Ad-Hoc|iPhoneSimulator = Ad-Hoc|iPhoneSimulator
		Ad-Hoc|x64 = Ad-Hoc|x64
		Ad-Hoc|x86 = Ad-Hoc|x86
		AppStore|Any CPU = AppStore|Any CPU
		AppStore|ARM = AppStore|ARM
		AppStore|iPhone = AppStore|iPhone
		AppStore|iPhoneSimulator = AppStore|iPhoneSimulator
		AppStore|x64 = AppStore|x64
		AppStore|x86 = AppStore|x86
		Debug|Any CPU = Debug|Any CPU
		Debug|ARM = Debug|ARM
		Debug|iPhone = Debug|iPhone
		Debug|iPhoneSimulator = Debug|iPhoneSimulator
		Debug|x64 = Debug|x64
		Debug|x86 = Debug|x86
		Release|Any CPU = Release|Any CPU
		Release|ARM = Release|ARM
		Release|iPhone = Release|iPhone
		Release|iPhoneSimulator = Release|iPhoneSimulator
		Release|x64 = Release|x64
		Release|x86 = Release|x86
	EndGlobalSection
	GlobalSection(ProjectConfigurationPlatforms) = postSolution
		{34D1EAFF-4C81-4416-8F55-17FAA250ED31}.Ad-Hoc|Any CPU.ActiveCfg = Release|Any CPU
		{34D1EAFF-4C81-4416-8F55-17FAA250ED31}.Ad-Hoc|Any CPU.Build.0 = Release|Any CPU
		{34D1EAFF-4C81-4416-8F55-17FAA250ED31}.Ad-Hoc|Any CPU.Deploy.0 = Release|Any CPU
		{34D1EAFF-4C81-4416-8F55-17FAA250ED31}.Ad-Hoc|ARM.ActiveCfg = Release|Any CPU
		{34D1EAFF-4C81-4416-8F55-17FAA250ED31}.Ad-Hoc|ARM.Build.0 = Release|Any CPU
		{34D1EAFF-4C81-4416-8F55-17FAA250ED31}.Ad-Hoc|ARM.Deploy.0 = Release|Any CPU
		{34D1EAFF-4C81-4416-8F55-17FAA250ED31}.Ad-Hoc|iPhone.ActiveCfg = Release|Any CPU
		{34D1EAFF-4C81-4416-8F55-17FAA250ED31}.Ad-Hoc|iPhone.Build.0 = Release|Any CPU
		{34D1EAFF-4C81-4416-8F55-17FAA250ED31}.Ad-Hoc|iPhone.Deploy.0 = Release|Any CPU
		{34D1EAFF-4C81-4416-8F55-17FAA250ED31}.Ad-Hoc|iPhoneSimulator.ActiveCfg = Release|Any CPU
		{34D1EAFF-4C81-4416-8F55-17FAA250ED31}.Ad-Hoc|iPhoneSimulator.Build.0 = Release|Any CPU
		{34D1EAFF-4C81-4416-8F55-17FAA250ED31}.Ad-Hoc|iPhoneSimulator.Deploy.0 = Release|Any CPU
		{34D1EAFF-4C81-4416-8F55-17FAA250ED31}.Ad-Hoc|x64.ActiveCfg = Release|Any CPU
		{34D1EAFF-4C81-4416-8F55-17FAA250ED31}.Ad-Hoc|x64.Build.0 = Release|Any CPU
		{34D1EAFF-4C81-4416-8F55-17FAA250ED31}.Ad-Hoc|x64.Deploy.0 = Release|Any CPU
		{34D1EAFF-4C81-4416-8F55-17FAA250ED31}.Ad-Hoc|x86.ActiveCfg = Release|Any CPU
		{34D1EAFF-4C81-4416-8F55-17FAA250ED31}.Ad-Hoc|x86.Build.0 = Release|Any CPU
		{34D1EAFF-4C81-4416-8F55-17FAA250ED31}.Ad-Hoc|x86.Deploy.0 = Release|Any CPU
		{34D1EAFF-4C81-4416-8F55-17FAA250ED31}.AppStore|Any CPU.ActiveCfg = Release|Any CPU
		{34D1EAFF-4C81-4416-8F55-17FAA250ED31}.AppStore|Any CPU.Build.0 = Release|Any CPU
		{34D1EAFF-4C81-4416-8F55-17FAA250ED31}.AppStore|Any CPU.Deploy.0 = Release|Any CPU
		{34D1EAFF-4C81-4416-8F55-17FAA250ED31}.AppStore|ARM.ActiveCfg = Release|Any CPU
		{34D1EAFF-4C81-4416-8F55-17FAA250ED31}.AppStore|ARM.Build.0 = Release|Any CPU
		{34D1EAFF-4C81-4416-8F55-17FAA250ED31}.AppStore|ARM.Deploy.0 = Release|Any CPU
		{34D1EAFF-4C81-4416-8F55-17FAA250ED31}.AppStore|iPhone.ActiveCfg = Release|Any CPU
		{34D1EAFF-4C81-4416-8F55-17FAA250ED31}.AppStore|iPhone.Build.0 = Release|Any CPU
		{34D1EAFF-4C81-4416-8F55-17FAA250ED31}.AppStore|iPhone.Deploy.0 = Release|Any CPU
		{34D1EAFF-4C81-4416-8F55-17FAA250ED31}.AppStore|iPhoneSimulator.ActiveCfg = Release|Any CPU
		{34D1EAFF-4C81-4416-8F55-17FAA250ED31}.AppStore|iPhoneSimulator.Build.0 = Release|Any CPU
		{34D1EAFF-4C81-4416-8F55-17FAA250ED31}.AppStore|iPhoneSimulator.Deploy.0 = Release|Any CPU
		{34D1EAFF-4C81-4416-8F55-17FAA250ED31}.AppStore|x64.ActiveCfg = Release|Any CPU
		{34D1EAFF-4C81-4416-8F55-17FAA250ED31}.AppStore|x64.Build.0 = Release|Any CPU
		{34D1EAFF-4C81-4416-8F55-17FAA250ED31}.AppStore|x64.Deploy.0 = Release|Any CPU
		{34D1EAFF-4C81-4416-8F55-17FAA250ED31}.AppStore|x86.ActiveCfg = Release|Any CPU
		{34D1EAFF-4C81-4416-8F55-17FAA250ED31}.AppStore|x86.Build.0 = Release|Any CPU
		{34D1EAFF-4C81-4416-8F55-17FAA250ED31}.AppStore|x86.Deploy.0 = Release|Any CPU
		{34D1EAFF-4C81-4416-8F55-17FAA250ED31}.Debug|Any CPU.ActiveCfg = Debug|Any CPU
		{34D1EAFF-4C81-4416-8F55-17FAA250ED31}.Debug|Any CPU.Build.0 = Debug|Any CPU
		{34D1EAFF-4C81-4416-8F55-17FAA250ED31}.Debug|Any CPU.Deploy.0 = Debug|Any CPU
		{34D1EAFF-4C81-4416-8F55-17FAA250ED31}.Debug|ARM.ActiveCfg = Debug|Any CPU
		{34D1EAFF-4C81-4416-8F55-17FAA250ED31}.Debug|ARM.Build.0 = Debug|Any CPU
		{34D1EAFF-4C81-4416-8F55-17FAA250ED31}.Debug|ARM.Deploy.0 = Debug|Any CPU
		{34D1EAFF-4C81-4416-8F55-17FAA250ED31}.Debug|iPhone.ActiveCfg = Debug|Any CPU
		{34D1EAFF-4C81-4416-8F55-17FAA250ED31}.Debug|iPhone.Build.0 = Debug|Any CPU
		{34D1EAFF-4C81-4416-8F55-17FAA250ED31}.Debug|iPhone.Deploy.0 = Debug|Any CPU
		{34D1EAFF-4C81-4416-8F55-17FAA250ED31}.Debug|iPhoneSimulator.ActiveCfg = Debug|Any CPU
		{34D1EAFF-4C81-4416-8F55-17FAA250ED31}.Debug|iPhoneSimulator.Build.0 = Debug|Any CPU
		{34D1EAFF-4C81-4416-8F55-17FAA250ED31}.Debug|iPhoneSimulator.Deploy.0 = Debug|Any CPU
		{34D1EAFF-4C81-4416-8F55-17FAA250ED31}.Debug|x64.ActiveCfg = Debug|Any CPU
		{34D1EAFF-4C81-4416-8F55-17FAA250ED31}.Debug|x64.Build.0 = Debug|Any CPU
		{34D1EAFF-4C81-4416-8F55-17FAA250ED31}.Debug|x64.Deploy.0 = Debug|Any CPU
		{34D1EAFF-4C81-4416-8F55-17FAA250ED31}.Debug|x86.ActiveCfg = Debug|Any CPU
		{34D1EAFF-4C81-4416-8F55-17FAA250ED31}.Debug|x86.Build.0 = Debug|Any CPU
		{34D1EAFF-4C81-4416-8F55-17FAA250ED31}.Debug|x86.Deploy.0 = Debug|Any CPU
		{34D1EAFF-4C81-4416-8F55-17FAA250ED31}.Release|Any CPU.ActiveCfg = Release|Any CPU
		{34D1EAFF-4C81-4416-8F55-17FAA250ED31}.Release|Any CPU.Build.0 = Release|Any CPU
		{34D1EAFF-4C81-4416-8F55-17FAA250ED31}.Release|Any CPU.Deploy.0 = Release|Any CPU
		{34D1EAFF-4C81-4416-8F55-17FAA250ED31}.Release|ARM.ActiveCfg = Release|Any CPU
		{34D1EAFF-4C81-4416-8F55-17FAA250ED31}.Release|ARM.Build.0 = Release|Any CPU
		{34D1EAFF-4C81-4416-8F55-17FAA250ED31}.Release|ARM.Deploy.0 = Release|Any CPU
		{34D1EAFF-4C81-4416-8F55-17FAA250ED31}.Release|iPhone.ActiveCfg = Release|Any CPU
		{34D1EAFF-4C81-4416-8F55-17FAA250ED31}.Release|iPhone.Build.0 = Release|Any CPU
		{34D1EAFF-4C81-4416-8F55-17FAA250ED31}.Release|iPhone.Deploy.0 = Release|Any CPU
		{34D1EAFF-4C81-4416-8F55-17FAA250ED31}.Release|iPhoneSimulator.ActiveCfg = Release|Any CPU
		{34D1EAFF-4C81-4416-8F55-17FAA250ED31}.Release|iPhoneSimulator.Build.0 = Release|Any CPU
		{34D1EAFF-4C81-4416-8F55-17FAA250ED31}.Release|iPhoneSimulator.Deploy.0 = Release|Any CPU
		{34D1EAFF-4C81-4416-8F55-17FAA250ED31}.Release|x64.ActiveCfg = Release|Any CPU
		{34D1EAFF-4C81-4416-8F55-17FAA250ED31}.Release|x64.Build.0 = Release|Any CPU
		{34D1EAFF-4C81-4416-8F55-17FAA250ED31}.Release|x64.Deploy.0 = Release|Any CPU
		{34D1EAFF-4C81-4416-8F55-17FAA250ED31}.Release|x86.ActiveCfg = Release|Any CPU
		{34D1EAFF-4C81-4416-8F55-17FAA250ED31}.Release|x86.Build.0 = Release|Any CPU
		{34D1EAFF-4C81-4416-8F55-17FAA250ED31}.Release|x86.Deploy.0 = Release|Any CPU
		{7477BB4F-E789-4BB1-B329-2C3FAFBFDBCC}.Ad-Hoc|Any CPU.ActiveCfg = Ad-Hoc|iPhone
		{7477BB4F-E789-4BB1-B329-2C3FAFBFDBCC}.Ad-Hoc|ARM.ActiveCfg = Ad-Hoc|iPhone
		{7477BB4F-E789-4BB1-B329-2C3FAFBFDBCC}.Ad-Hoc|iPhone.ActiveCfg = Ad-Hoc|iPhone
		{7477BB4F-E789-4BB1-B329-2C3FAFBFDBCC}.Ad-Hoc|iPhone.Build.0 = Ad-Hoc|iPhone
		{7477BB4F-E789-4BB1-B329-2C3FAFBFDBCC}.Ad-Hoc|iPhoneSimulator.ActiveCfg = Ad-Hoc|iPhoneSimulator
		{7477BB4F-E789-4BB1-B329-2C3FAFBFDBCC}.Ad-Hoc|iPhoneSimulator.Build.0 = Ad-Hoc|iPhoneSimulator
		{7477BB4F-E789-4BB1-B329-2C3FAFBFDBCC}.Ad-Hoc|x64.ActiveCfg = Ad-Hoc|iPhone
		{7477BB4F-E789-4BB1-B329-2C3FAFBFDBCC}.Ad-Hoc|x86.ActiveCfg = Ad-Hoc|iPhone
		{7477BB4F-E789-4BB1-B329-2C3FAFBFDBCC}.AppStore|Any CPU.ActiveCfg = AppStore|iPhone
		{7477BB4F-E789-4BB1-B329-2C3FAFBFDBCC}.AppStore|ARM.ActiveCfg = AppStore|iPhone
		{7477BB4F-E789-4BB1-B329-2C3FAFBFDBCC}.AppStore|iPhone.ActiveCfg = AppStore|iPhone
		{7477BB4F-E789-4BB1-B329-2C3FAFBFDBCC}.AppStore|iPhone.Build.0 = AppStore|iPhone
		{7477BB4F-E789-4BB1-B329-2C3FAFBFDBCC}.AppStore|iPhoneSimulator.ActiveCfg = AppStore|iPhoneSimulator
		{7477BB4F-E789-4BB1-B329-2C3FAFBFDBCC}.AppStore|iPhoneSimulator.Build.0 = AppStore|iPhoneSimulator
		{7477BB4F-E789-4BB1-B329-2C3FAFBFDBCC}.AppStore|x64.ActiveCfg = AppStore|iPhone
		{7477BB4F-E789-4BB1-B329-2C3FAFBFDBCC}.AppStore|x86.ActiveCfg = AppStore|iPhone
		{7477BB4F-E789-4BB1-B329-2C3FAFBFDBCC}.Debug|Any CPU.ActiveCfg = Debug|iPhone
		{7477BB4F-E789-4BB1-B329-2C3FAFBFDBCC}.Debug|Any CPU.Build.0 = Debug|iPhone
		{7477BB4F-E789-4BB1-B329-2C3FAFBFDBCC}.Debug|ARM.ActiveCfg = Debug|iPhone
		{7477BB4F-E789-4BB1-B329-2C3FAFBFDBCC}.Debug|ARM.Build.0 = Debug|iPhone
		{7477BB4F-E789-4BB1-B329-2C3FAFBFDBCC}.Debug|ARM.Deploy.0 = Debug|iPhone
		{7477BB4F-E789-4BB1-B329-2C3FAFBFDBCC}.Debug|iPhone.ActiveCfg = Debug|iPhone
		{7477BB4F-E789-4BB1-B329-2C3FAFBFDBCC}.Debug|iPhone.Build.0 = Debug|iPhone
		{7477BB4F-E789-4BB1-B329-2C3FAFBFDBCC}.Debug|iPhoneSimulator.ActiveCfg = Debug|iPhoneSimulator
		{7477BB4F-E789-4BB1-B329-2C3FAFBFDBCC}.Debug|iPhoneSimulator.Build.0 = Debug|iPhoneSimulator
		{7477BB4F-E789-4BB1-B329-2C3FAFBFDBCC}.Debug|x64.ActiveCfg = Debug|iPhone
		{7477BB4F-E789-4BB1-B329-2C3FAFBFDBCC}.Debug|x86.ActiveCfg = Debug|iPhone
		{7477BB4F-E789-4BB1-B329-2C3FAFBFDBCC}.Debug|x86.Build.0 = Debug|iPhone
		{7477BB4F-E789-4BB1-B329-2C3FAFBFDBCC}.Release|Any CPU.ActiveCfg = Release|iPhone
		{7477BB4F-E789-4BB1-B329-2C3FAFBFDBCC}.Release|ARM.ActiveCfg = Release|iPhone
		{7477BB4F-E789-4BB1-B329-2C3FAFBFDBCC}.Release|iPhone.ActiveCfg = Release|iPhone
		{7477BB4F-E789-4BB1-B329-2C3FAFBFDBCC}.Release|iPhone.Build.0 = Release|iPhone
		{7477BB4F-E789-4BB1-B329-2C3FAFBFDBCC}.Release|iPhoneSimulator.ActiveCfg = Release|iPhoneSimulator
		{7477BB4F-E789-4BB1-B329-2C3FAFBFDBCC}.Release|iPhoneSimulator.Build.0 = Release|iPhoneSimulator
		{7477BB4F-E789-4BB1-B329-2C3FAFBFDBCC}.Release|x64.ActiveCfg = Release|iPhone
		{7477BB4F-E789-4BB1-B329-2C3FAFBFDBCC}.Release|x86.ActiveCfg = Release|iPhone
		{FED1BA3A-501A-40D6-BC28-9B7EB3F77DAC}.Ad-Hoc|Any CPU.ActiveCfg = Release|Any CPU
		{FED1BA3A-501A-40D6-BC28-9B7EB3F77DAC}.Ad-Hoc|Any CPU.Build.0 = Release|Any CPU
		{FED1BA3A-501A-40D6-BC28-9B7EB3F77DAC}.Ad-Hoc|Any CPU.Deploy.0 = Release|Any CPU
		{FED1BA3A-501A-40D6-BC28-9B7EB3F77DAC}.Ad-Hoc|ARM.ActiveCfg = Release|ARM
		{FED1BA3A-501A-40D6-BC28-9B7EB3F77DAC}.Ad-Hoc|ARM.Build.0 = Release|ARM
		{FED1BA3A-501A-40D6-BC28-9B7EB3F77DAC}.Ad-Hoc|ARM.Deploy.0 = Release|ARM
		{FED1BA3A-501A-40D6-BC28-9B7EB3F77DAC}.Ad-Hoc|iPhone.ActiveCfg = Release|Any CPU
		{FED1BA3A-501A-40D6-BC28-9B7EB3F77DAC}.Ad-Hoc|iPhone.Build.0 = Release|Any CPU
		{FED1BA3A-501A-40D6-BC28-9B7EB3F77DAC}.Ad-Hoc|iPhone.Deploy.0 = Release|Any CPU
		{FED1BA3A-501A-40D6-BC28-9B7EB3F77DAC}.Ad-Hoc|iPhoneSimulator.ActiveCfg = Release|Any CPU
		{FED1BA3A-501A-40D6-BC28-9B7EB3F77DAC}.Ad-Hoc|iPhoneSimulator.Build.0 = Release|Any CPU
		{FED1BA3A-501A-40D6-BC28-9B7EB3F77DAC}.Ad-Hoc|iPhoneSimulator.Deploy.0 = Release|Any CPU
		{FED1BA3A-501A-40D6-BC28-9B7EB3F77DAC}.Ad-Hoc|x64.ActiveCfg = Release|Any CPU
		{FED1BA3A-501A-40D6-BC28-9B7EB3F77DAC}.Ad-Hoc|x64.Build.0 = Release|Any CPU
		{FED1BA3A-501A-40D6-BC28-9B7EB3F77DAC}.Ad-Hoc|x64.Deploy.0 = Release|Any CPU
		{FED1BA3A-501A-40D6-BC28-9B7EB3F77DAC}.Ad-Hoc|x86.ActiveCfg = Release|x86
		{FED1BA3A-501A-40D6-BC28-9B7EB3F77DAC}.Ad-Hoc|x86.Build.0 = Release|x86
		{FED1BA3A-501A-40D6-BC28-9B7EB3F77DAC}.Ad-Hoc|x86.Deploy.0 = Release|x86
		{FED1BA3A-501A-40D6-BC28-9B7EB3F77DAC}.AppStore|Any CPU.ActiveCfg = Release|Any CPU
		{FED1BA3A-501A-40D6-BC28-9B7EB3F77DAC}.AppStore|Any CPU.Build.0 = Release|Any CPU
		{FED1BA3A-501A-40D6-BC28-9B7EB3F77DAC}.AppStore|Any CPU.Deploy.0 = Release|Any CPU
		{FED1BA3A-501A-40D6-BC28-9B7EB3F77DAC}.AppStore|ARM.ActiveCfg = Release|ARM
		{FED1BA3A-501A-40D6-BC28-9B7EB3F77DAC}.AppStore|ARM.Build.0 = Release|ARM
		{FED1BA3A-501A-40D6-BC28-9B7EB3F77DAC}.AppStore|ARM.Deploy.0 = Release|ARM
		{FED1BA3A-501A-40D6-BC28-9B7EB3F77DAC}.AppStore|iPhone.ActiveCfg = Release|Any CPU
		{FED1BA3A-501A-40D6-BC28-9B7EB3F77DAC}.AppStore|iPhone.Build.0 = Release|Any CPU
		{FED1BA3A-501A-40D6-BC28-9B7EB3F77DAC}.AppStore|iPhone.Deploy.0 = Release|Any CPU
		{FED1BA3A-501A-40D6-BC28-9B7EB3F77DAC}.AppStore|iPhoneSimulator.ActiveCfg = Release|Any CPU
		{FED1BA3A-501A-40D6-BC28-9B7EB3F77DAC}.AppStore|iPhoneSimulator.Build.0 = Release|Any CPU
		{FED1BA3A-501A-40D6-BC28-9B7EB3F77DAC}.AppStore|iPhoneSimulator.Deploy.0 = Release|Any CPU
		{FED1BA3A-501A-40D6-BC28-9B7EB3F77DAC}.AppStore|x64.ActiveCfg = Release|Any CPU
		{FED1BA3A-501A-40D6-BC28-9B7EB3F77DAC}.AppStore|x64.Build.0 = Release|Any CPU
		{FED1BA3A-501A-40D6-BC28-9B7EB3F77DAC}.AppStore|x64.Deploy.0 = Release|Any CPU
		{FED1BA3A-501A-40D6-BC28-9B7EB3F77DAC}.AppStore|x86.ActiveCfg = Release|x86
		{FED1BA3A-501A-40D6-BC28-9B7EB3F77DAC}.AppStore|x86.Build.0 = Release|x86
		{FED1BA3A-501A-40D6-BC28-9B7EB3F77DAC}.AppStore|x86.Deploy.0 = Release|x86
		{FED1BA3A-501A-40D6-BC28-9B7EB3F77DAC}.Debug|Any CPU.ActiveCfg = Debug|Any CPU
		{FED1BA3A-501A-40D6-BC28-9B7EB3F77DAC}.Debug|Any CPU.Build.0 = Debug|Any CPU
		{FED1BA3A-501A-40D6-BC28-9B7EB3F77DAC}.Debug|Any CPU.Deploy.0 = Debug|Any CPU
		{FED1BA3A-501A-40D6-BC28-9B7EB3F77DAC}.Debug|ARM.ActiveCfg = Debug|ARM
		{FED1BA3A-501A-40D6-BC28-9B7EB3F77DAC}.Debug|ARM.Build.0 = Debug|ARM
		{FED1BA3A-501A-40D6-BC28-9B7EB3F77DAC}.Debug|ARM.Deploy.0 = Debug|ARM
		{FED1BA3A-501A-40D6-BC28-9B7EB3F77DAC}.Debug|iPhone.ActiveCfg = Debug|Any CPU
		{FED1BA3A-501A-40D6-BC28-9B7EB3F77DAC}.Debug|iPhone.Build.0 = Debug|Any CPU
		{FED1BA3A-501A-40D6-BC28-9B7EB3F77DAC}.Debug|iPhone.Deploy.0 = Debug|Any CPU
		{FED1BA3A-501A-40D6-BC28-9B7EB3F77DAC}.Debug|iPhoneSimulator.ActiveCfg = Debug|Any CPU
		{FED1BA3A-501A-40D6-BC28-9B7EB3F77DAC}.Debug|iPhoneSimulator.Build.0 = Debug|Any CPU
		{FED1BA3A-501A-40D6-BC28-9B7EB3F77DAC}.Debug|iPhoneSimulator.Deploy.0 = Debug|Any CPU
		{FED1BA3A-501A-40D6-BC28-9B7EB3F77DAC}.Debug|x64.ActiveCfg = Debug|Any CPU
		{FED1BA3A-501A-40D6-BC28-9B7EB3F77DAC}.Debug|x64.Build.0 = Debug|Any CPU
		{FED1BA3A-501A-40D6-BC28-9B7EB3F77DAC}.Debug|x64.Deploy.0 = Debug|Any CPU
		{FED1BA3A-501A-40D6-BC28-9B7EB3F77DAC}.Debug|x86.ActiveCfg = Debug|x86
		{FED1BA3A-501A-40D6-BC28-9B7EB3F77DAC}.Debug|x86.Build.0 = Debug|x86
		{FED1BA3A-501A-40D6-BC28-9B7EB3F77DAC}.Debug|x86.Deploy.0 = Debug|x86
		{FED1BA3A-501A-40D6-BC28-9B7EB3F77DAC}.Release|Any CPU.ActiveCfg = Release|Any CPU
		{FED1BA3A-501A-40D6-BC28-9B7EB3F77DAC}.Release|Any CPU.Build.0 = Release|Any CPU
		{FED1BA3A-501A-40D6-BC28-9B7EB3F77DAC}.Release|Any CPU.Deploy.0 = Release|Any CPU
		{FED1BA3A-501A-40D6-BC28-9B7EB3F77DAC}.Release|ARM.ActiveCfg = Release|ARM
		{FED1BA3A-501A-40D6-BC28-9B7EB3F77DAC}.Release|ARM.Build.0 = Release|ARM
		{FED1BA3A-501A-40D6-BC28-9B7EB3F77DAC}.Release|ARM.Deploy.0 = Release|ARM
		{FED1BA3A-501A-40D6-BC28-9B7EB3F77DAC}.Release|iPhone.ActiveCfg = Release|Any CPU
		{FED1BA3A-501A-40D6-BC28-9B7EB3F77DAC}.Release|iPhone.Build.0 = Release|Any CPU
		{FED1BA3A-501A-40D6-BC28-9B7EB3F77DAC}.Release|iPhone.Deploy.0 = Release|Any CPU
		{FED1BA3A-501A-40D6-BC28-9B7EB3F77DAC}.Release|iPhoneSimulator.ActiveCfg = Release|Any CPU
		{FED1BA3A-501A-40D6-BC28-9B7EB3F77DAC}.Release|iPhoneSimulator.Build.0 = Release|Any CPU
		{FED1BA3A-501A-40D6-BC28-9B7EB3F77DAC}.Release|iPhoneSimulator.Deploy.0 = Release|Any CPU
		{FED1BA3A-501A-40D6-BC28-9B7EB3F77DAC}.Release|x64.ActiveCfg = Release|Any CPU
		{FED1BA3A-501A-40D6-BC28-9B7EB3F77DAC}.Release|x64.Build.0 = Release|Any CPU
		{FED1BA3A-501A-40D6-BC28-9B7EB3F77DAC}.Release|x64.Deploy.0 = Release|Any CPU
		{FED1BA3A-501A-40D6-BC28-9B7EB3F77DAC}.Release|x86.ActiveCfg = Release|x86
		{FED1BA3A-501A-40D6-BC28-9B7EB3F77DAC}.Release|x86.Build.0 = Release|x86
		{FED1BA3A-501A-40D6-BC28-9B7EB3F77DAC}.Release|x86.Deploy.0 = Release|x86
		{8F8935F8-8CF5-47FA-AE48-06573F39D103}.Ad-Hoc|Any CPU.ActiveCfg = Release|x86
		{8F8935F8-8CF5-47FA-AE48-06573F39D103}.Ad-Hoc|Any CPU.Build.0 = Release|x86
		{8F8935F8-8CF5-47FA-AE48-06573F39D103}.Ad-Hoc|Any CPU.Deploy.0 = Release|x86
		{8F8935F8-8CF5-47FA-AE48-06573F39D103}.Ad-Hoc|ARM.ActiveCfg = Release|ARM
		{8F8935F8-8CF5-47FA-AE48-06573F39D103}.Ad-Hoc|ARM.Build.0 = Release|ARM
		{8F8935F8-8CF5-47FA-AE48-06573F39D103}.Ad-Hoc|ARM.Deploy.0 = Release|ARM
		{8F8935F8-8CF5-47FA-AE48-06573F39D103}.Ad-Hoc|iPhone.ActiveCfg = Release|x86
		{8F8935F8-8CF5-47FA-AE48-06573F39D103}.Ad-Hoc|iPhone.Build.0 = Release|x86
		{8F8935F8-8CF5-47FA-AE48-06573F39D103}.Ad-Hoc|iPhone.Deploy.0 = Release|x86
		{8F8935F8-8CF5-47FA-AE48-06573F39D103}.Ad-Hoc|iPhoneSimulator.ActiveCfg = Release|x86
		{8F8935F8-8CF5-47FA-AE48-06573F39D103}.Ad-Hoc|iPhoneSimulator.Build.0 = Release|x86
		{8F8935F8-8CF5-47FA-AE48-06573F39D103}.Ad-Hoc|iPhoneSimulator.Deploy.0 = Release|x86
		{8F8935F8-8CF5-47FA-AE48-06573F39D103}.Ad-Hoc|x64.ActiveCfg = Release|x64
		{8F8935F8-8CF5-47FA-AE48-06573F39D103}.Ad-Hoc|x64.Build.0 = Release|x64
		{8F8935F8-8CF5-47FA-AE48-06573F39D103}.Ad-Hoc|x64.Deploy.0 = Release|x64
		{8F8935F8-8CF5-47FA-AE48-06573F39D103}.Ad-Hoc|x86.ActiveCfg = Release|x86
		{8F8935F8-8CF5-47FA-AE48-06573F39D103}.Ad-Hoc|x86.Build.0 = Release|x86
		{8F8935F8-8CF5-47FA-AE48-06573F39D103}.Ad-Hoc|x86.Deploy.0 = Release|x86
		{8F8935F8-8CF5-47FA-AE48-06573F39D103}.AppStore|Any CPU.ActiveCfg = Release|x86
		{8F8935F8-8CF5-47FA-AE48-06573F39D103}.AppStore|Any CPU.Build.0 = Release|x86
		{8F8935F8-8CF5-47FA-AE48-06573F39D103}.AppStore|Any CPU.Deploy.0 = Release|x86
		{8F8935F8-8CF5-47FA-AE48-06573F39D103}.AppStore|ARM.ActiveCfg = Release|ARM
		{8F8935F8-8CF5-47FA-AE48-06573F39D103}.AppStore|ARM.Build.0 = Release|ARM
		{8F8935F8-8CF5-47FA-AE48-06573F39D103}.AppStore|ARM.Deploy.0 = Release|ARM
		{8F8935F8-8CF5-47FA-AE48-06573F39D103}.AppStore|iPhone.ActiveCfg = Release|x86
		{8F8935F8-8CF5-47FA-AE48-06573F39D103}.AppStore|iPhone.Build.0 = Release|x86
		{8F8935F8-8CF5-47FA-AE48-06573F39D103}.AppStore|iPhone.Deploy.0 = Release|x86
		{8F8935F8-8CF5-47FA-AE48-06573F39D103}.AppStore|iPhoneSimulator.ActiveCfg = Release|x86
		{8F8935F8-8CF5-47FA-AE48-06573F39D103}.AppStore|iPhoneSimulator.Build.0 = Release|x86
		{8F8935F8-8CF5-47FA-AE48-06573F39D103}.AppStore|iPhoneSimulator.Deploy.0 = Release|x86
		{8F8935F8-8CF5-47FA-AE48-06573F39D103}.AppStore|x64.ActiveCfg = Release|x64
		{8F8935F8-8CF5-47FA-AE48-06573F39D103}.AppStore|x64.Build.0 = Release|x64
		{8F8935F8-8CF5-47FA-AE48-06573F39D103}.AppStore|x64.Deploy.0 = Release|x64
		{8F8935F8-8CF5-47FA-AE48-06573F39D103}.AppStore|x86.ActiveCfg = Release|x86
		{8F8935F8-8CF5-47FA-AE48-06573F39D103}.AppStore|x86.Build.0 = Release|x86
		{8F8935F8-8CF5-47FA-AE48-06573F39D103}.AppStore|x86.Deploy.0 = Release|x86
		{8F8935F8-8CF5-47FA-AE48-06573F39D103}.Debug|Any CPU.ActiveCfg = Debug|x86
		{8F8935F8-8CF5-47FA-AE48-06573F39D103}.Debug|Any CPU.Build.0 = Debug|x86
		{8F8935F8-8CF5-47FA-AE48-06573F39D103}.Debug|Any CPU.Deploy.0 = Debug|x86
		{8F8935F8-8CF5-47FA-AE48-06573F39D103}.Debug|ARM.ActiveCfg = Debug|ARM
		{8F8935F8-8CF5-47FA-AE48-06573F39D103}.Debug|ARM.Build.0 = Debug|ARM
		{8F8935F8-8CF5-47FA-AE48-06573F39D103}.Debug|ARM.Deploy.0 = Debug|ARM
		{8F8935F8-8CF5-47FA-AE48-06573F39D103}.Debug|iPhone.ActiveCfg = Debug|x86
		{8F8935F8-8CF5-47FA-AE48-06573F39D103}.Debug|iPhoneSimulator.ActiveCfg = Debug|x86
		{8F8935F8-8CF5-47FA-AE48-06573F39D103}.Debug|x64.ActiveCfg = Debug|x64
		{8F8935F8-8CF5-47FA-AE48-06573F39D103}.Debug|x64.Build.0 = Debug|x64
		{8F8935F8-8CF5-47FA-AE48-06573F39D103}.Debug|x64.Deploy.0 = Debug|x64
		{8F8935F8-8CF5-47FA-AE48-06573F39D103}.Debug|x86.ActiveCfg = Debug|x86
		{8F8935F8-8CF5-47FA-AE48-06573F39D103}.Debug|x86.Build.0 = Debug|x86
		{8F8935F8-8CF5-47FA-AE48-06573F39D103}.Debug|x86.Deploy.0 = Debug|x86
		{8F8935F8-8CF5-47FA-AE48-06573F39D103}.Release|Any CPU.ActiveCfg = Release|x86
		{8F8935F8-8CF5-47FA-AE48-06573F39D103}.Release|ARM.ActiveCfg = Release|ARM
		{8F8935F8-8CF5-47FA-AE48-06573F39D103}.Release|ARM.Build.0 = Release|ARM
		{8F8935F8-8CF5-47FA-AE48-06573F39D103}.Release|ARM.Deploy.0 = Release|ARM
		{8F8935F8-8CF5-47FA-AE48-06573F39D103}.Release|iPhone.ActiveCfg = Release|x86
		{8F8935F8-8CF5-47FA-AE48-06573F39D103}.Release|iPhoneSimulator.ActiveCfg = Release|x86
		{8F8935F8-8CF5-47FA-AE48-06573F39D103}.Release|x64.ActiveCfg = Release|x64
		{8F8935F8-8CF5-47FA-AE48-06573F39D103}.Release|x64.Build.0 = Release|x64
		{8F8935F8-8CF5-47FA-AE48-06573F39D103}.Release|x64.Deploy.0 = Release|x64
		{8F8935F8-8CF5-47FA-AE48-06573F39D103}.Release|x86.ActiveCfg = Release|x86
		{8F8935F8-8CF5-47FA-AE48-06573F39D103}.Release|x86.Build.0 = Release|x86
		{8F8935F8-8CF5-47FA-AE48-06573F39D103}.Release|x86.Deploy.0 = Release|x86
		{409DE74F-BA4B-4162-9DE1-ABD6138861C9}.Ad-Hoc|Any CPU.ActiveCfg = Release|Any CPU
		{409DE74F-BA4B-4162-9DE1-ABD6138861C9}.Ad-Hoc|Any CPU.Build.0 = Release|Any CPU
		{409DE74F-BA4B-4162-9DE1-ABD6138861C9}.Ad-Hoc|Any CPU.Deploy.0 = Release|Any CPU
		{409DE74F-BA4B-4162-9DE1-ABD6138861C9}.Ad-Hoc|ARM.ActiveCfg = Release|ARM
		{409DE74F-BA4B-4162-9DE1-ABD6138861C9}.Ad-Hoc|ARM.Build.0 = Release|ARM
		{409DE74F-BA4B-4162-9DE1-ABD6138861C9}.Ad-Hoc|ARM.Deploy.0 = Release|ARM
		{409DE74F-BA4B-4162-9DE1-ABD6138861C9}.Ad-Hoc|iPhone.ActiveCfg = Release|Any CPU
		{409DE74F-BA4B-4162-9DE1-ABD6138861C9}.Ad-Hoc|iPhone.Build.0 = Release|Any CPU
		{409DE74F-BA4B-4162-9DE1-ABD6138861C9}.Ad-Hoc|iPhone.Deploy.0 = Release|Any CPU
		{409DE74F-BA4B-4162-9DE1-ABD6138861C9}.Ad-Hoc|iPhoneSimulator.ActiveCfg = Release|Any CPU
		{409DE74F-BA4B-4162-9DE1-ABD6138861C9}.Ad-Hoc|iPhoneSimulator.Build.0 = Release|Any CPU
		{409DE74F-BA4B-4162-9DE1-ABD6138861C9}.Ad-Hoc|iPhoneSimulator.Deploy.0 = Release|Any CPU
		{409DE74F-BA4B-4162-9DE1-ABD6138861C9}.Ad-Hoc|x64.ActiveCfg = Release|x64
		{409DE74F-BA4B-4162-9DE1-ABD6138861C9}.Ad-Hoc|x64.Build.0 = Release|x64
		{409DE74F-BA4B-4162-9DE1-ABD6138861C9}.Ad-Hoc|x64.Deploy.0 = Release|x64
		{409DE74F-BA4B-4162-9DE1-ABD6138861C9}.Ad-Hoc|x86.ActiveCfg = Release|x86
		{409DE74F-BA4B-4162-9DE1-ABD6138861C9}.Ad-Hoc|x86.Build.0 = Release|x86
		{409DE74F-BA4B-4162-9DE1-ABD6138861C9}.Ad-Hoc|x86.Deploy.0 = Release|x86
		{409DE74F-BA4B-4162-9DE1-ABD6138861C9}.AppStore|Any CPU.ActiveCfg = Release|Any CPU
		{409DE74F-BA4B-4162-9DE1-ABD6138861C9}.AppStore|Any CPU.Build.0 = Release|Any CPU
		{409DE74F-BA4B-4162-9DE1-ABD6138861C9}.AppStore|Any CPU.Deploy.0 = Release|Any CPU
		{409DE74F-BA4B-4162-9DE1-ABD6138861C9}.AppStore|ARM.ActiveCfg = Release|ARM
		{409DE74F-BA4B-4162-9DE1-ABD6138861C9}.AppStore|ARM.Build.0 = Release|ARM
		{409DE74F-BA4B-4162-9DE1-ABD6138861C9}.AppStore|ARM.Deploy.0 = Release|ARM
		{409DE74F-BA4B-4162-9DE1-ABD6138861C9}.AppStore|iPhone.ActiveCfg = Release|Any CPU
		{409DE74F-BA4B-4162-9DE1-ABD6138861C9}.AppStore|iPhone.Build.0 = Release|Any CPU
		{409DE74F-BA4B-4162-9DE1-ABD6138861C9}.AppStore|iPhone.Deploy.0 = Release|Any CPU
		{409DE74F-BA4B-4162-9DE1-ABD6138861C9}.AppStore|iPhoneSimulator.ActiveCfg = Release|Any CPU
		{409DE74F-BA4B-4162-9DE1-ABD6138861C9}.AppStore|iPhoneSimulator.Build.0 = Release|Any CPU
		{409DE74F-BA4B-4162-9DE1-ABD6138861C9}.AppStore|iPhoneSimulator.Deploy.0 = Release|Any CPU
		{409DE74F-BA4B-4162-9DE1-ABD6138861C9}.AppStore|x64.ActiveCfg = Release|x64
		{409DE74F-BA4B-4162-9DE1-ABD6138861C9}.AppStore|x64.Build.0 = Release|x64
		{409DE74F-BA4B-4162-9DE1-ABD6138861C9}.AppStore|x64.Deploy.0 = Release|x64
		{409DE74F-BA4B-4162-9DE1-ABD6138861C9}.AppStore|x86.ActiveCfg = Release|x86
		{409DE74F-BA4B-4162-9DE1-ABD6138861C9}.AppStore|x86.Build.0 = Release|x86
		{409DE74F-BA4B-4162-9DE1-ABD6138861C9}.AppStore|x86.Deploy.0 = Release|x86
		{409DE74F-BA4B-4162-9DE1-ABD6138861C9}.Debug|Any CPU.ActiveCfg = Debug|Any CPU
		{409DE74F-BA4B-4162-9DE1-ABD6138861C9}.Debug|Any CPU.Build.0 = Debug|Any CPU
		{409DE74F-BA4B-4162-9DE1-ABD6138861C9}.Debug|Any CPU.Deploy.0 = Debug|Any CPU
		{409DE74F-BA4B-4162-9DE1-ABD6138861C9}.Debug|ARM.ActiveCfg = Debug|ARM
		{409DE74F-BA4B-4162-9DE1-ABD6138861C9}.Debug|ARM.Build.0 = Debug|ARM
		{409DE74F-BA4B-4162-9DE1-ABD6138861C9}.Debug|ARM.Deploy.0 = Debug|ARM
		{409DE74F-BA4B-4162-9DE1-ABD6138861C9}.Debug|iPhone.ActiveCfg = Debug|Any CPU
		{409DE74F-BA4B-4162-9DE1-ABD6138861C9}.Debug|iPhone.Build.0 = Debug|Any CPU
		{409DE74F-BA4B-4162-9DE1-ABD6138861C9}.Debug|iPhone.Deploy.0 = Debug|Any CPU
		{409DE74F-BA4B-4162-9DE1-ABD6138861C9}.Debug|iPhoneSimulator.ActiveCfg = Debug|Any CPU
		{409DE74F-BA4B-4162-9DE1-ABD6138861C9}.Debug|iPhoneSimulator.Build.0 = Debug|Any CPU
		{409DE74F-BA4B-4162-9DE1-ABD6138861C9}.Debug|iPhoneSimulator.Deploy.0 = Debug|Any CPU
		{409DE74F-BA4B-4162-9DE1-ABD6138861C9}.Debug|x64.ActiveCfg = Debug|x64
		{409DE74F-BA4B-4162-9DE1-ABD6138861C9}.Debug|x64.Build.0 = Debug|x64
		{409DE74F-BA4B-4162-9DE1-ABD6138861C9}.Debug|x64.Deploy.0 = Debug|x64
		{409DE74F-BA4B-4162-9DE1-ABD6138861C9}.Debug|x86.ActiveCfg = Debug|x86
		{409DE74F-BA4B-4162-9DE1-ABD6138861C9}.Debug|x86.Build.0 = Debug|x86
		{409DE74F-BA4B-4162-9DE1-ABD6138861C9}.Debug|x86.Deploy.0 = Debug|x86
		{409DE74F-BA4B-4162-9DE1-ABD6138861C9}.Release|Any CPU.ActiveCfg = Release|Any CPU
		{409DE74F-BA4B-4162-9DE1-ABD6138861C9}.Release|Any CPU.Build.0 = Release|Any CPU
		{409DE74F-BA4B-4162-9DE1-ABD6138861C9}.Release|Any CPU.Deploy.0 = Release|Any CPU
		{409DE74F-BA4B-4162-9DE1-ABD6138861C9}.Release|ARM.ActiveCfg = Release|ARM
		{409DE74F-BA4B-4162-9DE1-ABD6138861C9}.Release|ARM.Build.0 = Release|ARM
		{409DE74F-BA4B-4162-9DE1-ABD6138861C9}.Release|ARM.Deploy.0 = Release|ARM
		{409DE74F-BA4B-4162-9DE1-ABD6138861C9}.Release|iPhone.ActiveCfg = Release|Any CPU
		{409DE74F-BA4B-4162-9DE1-ABD6138861C9}.Release|iPhone.Build.0 = Release|Any CPU
		{409DE74F-BA4B-4162-9DE1-ABD6138861C9}.Release|iPhone.Deploy.0 = Release|Any CPU
		{409DE74F-BA4B-4162-9DE1-ABD6138861C9}.Release|iPhoneSimulator.ActiveCfg = Release|Any CPU
		{409DE74F-BA4B-4162-9DE1-ABD6138861C9}.Release|iPhoneSimulator.Build.0 = Release|Any CPU
		{409DE74F-BA4B-4162-9DE1-ABD6138861C9}.Release|iPhoneSimulator.Deploy.0 = Release|Any CPU
		{409DE74F-BA4B-4162-9DE1-ABD6138861C9}.Release|x64.ActiveCfg = Release|x64
		{409DE74F-BA4B-4162-9DE1-ABD6138861C9}.Release|x64.Build.0 = Release|x64
		{409DE74F-BA4B-4162-9DE1-ABD6138861C9}.Release|x64.Deploy.0 = Release|x64
		{409DE74F-BA4B-4162-9DE1-ABD6138861C9}.Release|x86.ActiveCfg = Release|x86
		{409DE74F-BA4B-4162-9DE1-ABD6138861C9}.Release|x86.Build.0 = Release|x86
		{409DE74F-BA4B-4162-9DE1-ABD6138861C9}.Release|x86.Deploy.0 = Release|x86
		{F4191ECB-9AF9-4B37-937D-F1A8BFB0780A}.Ad-Hoc|Any CPU.ActiveCfg = Release|Any CPU
		{F4191ECB-9AF9-4B37-937D-F1A8BFB0780A}.Ad-Hoc|Any CPU.Build.0 = Release|Any CPU
		{F4191ECB-9AF9-4B37-937D-F1A8BFB0780A}.Ad-Hoc|ARM.ActiveCfg = Release|Any CPU
		{F4191ECB-9AF9-4B37-937D-F1A8BFB0780A}.Ad-Hoc|ARM.Build.0 = Release|Any CPU
		{F4191ECB-9AF9-4B37-937D-F1A8BFB0780A}.Ad-Hoc|iPhone.ActiveCfg = Release|Any CPU
		{F4191ECB-9AF9-4B37-937D-F1A8BFB0780A}.Ad-Hoc|iPhone.Build.0 = Release|Any CPU
		{F4191ECB-9AF9-4B37-937D-F1A8BFB0780A}.Ad-Hoc|iPhoneSimulator.ActiveCfg = Release|Any CPU
		{F4191ECB-9AF9-4B37-937D-F1A8BFB0780A}.Ad-Hoc|iPhoneSimulator.Build.0 = Release|Any CPU
		{F4191ECB-9AF9-4B37-937D-F1A8BFB0780A}.Ad-Hoc|x64.ActiveCfg = Release|Any CPU
		{F4191ECB-9AF9-4B37-937D-F1A8BFB0780A}.Ad-Hoc|x64.Build.0 = Release|Any CPU
		{F4191ECB-9AF9-4B37-937D-F1A8BFB0780A}.Ad-Hoc|x86.ActiveCfg = Release|Any CPU
		{F4191ECB-9AF9-4B37-937D-F1A8BFB0780A}.Ad-Hoc|x86.Build.0 = Release|Any CPU
		{F4191ECB-9AF9-4B37-937D-F1A8BFB0780A}.AppStore|Any CPU.ActiveCfg = Release|Any CPU
		{F4191ECB-9AF9-4B37-937D-F1A8BFB0780A}.AppStore|Any CPU.Build.0 = Release|Any CPU
		{F4191ECB-9AF9-4B37-937D-F1A8BFB0780A}.AppStore|ARM.ActiveCfg = Release|Any CPU
		{F4191ECB-9AF9-4B37-937D-F1A8BFB0780A}.AppStore|ARM.Build.0 = Release|Any CPU
		{F4191ECB-9AF9-4B37-937D-F1A8BFB0780A}.AppStore|iPhone.ActiveCfg = Release|Any CPU
		{F4191ECB-9AF9-4B37-937D-F1A8BFB0780A}.AppStore|iPhone.Build.0 = Release|Any CPU
		{F4191ECB-9AF9-4B37-937D-F1A8BFB0780A}.AppStore|iPhoneSimulator.ActiveCfg = Release|Any CPU
		{F4191ECB-9AF9-4B37-937D-F1A8BFB0780A}.AppStore|iPhoneSimulator.Build.0 = Release|Any CPU
		{F4191ECB-9AF9-4B37-937D-F1A8BFB0780A}.AppStore|x64.ActiveCfg = Release|Any CPU
		{F4191ECB-9AF9-4B37-937D-F1A8BFB0780A}.AppStore|x64.Build.0 = Release|Any CPU
		{F4191ECB-9AF9-4B37-937D-F1A8BFB0780A}.AppStore|x86.ActiveCfg = Release|Any CPU
		{F4191ECB-9AF9-4B37-937D-F1A8BFB0780A}.AppStore|x86.Build.0 = Release|Any CPU
		{F4191ECB-9AF9-4B37-937D-F1A8BFB0780A}.Debug|Any CPU.ActiveCfg = Debug|Any CPU
		{F4191ECB-9AF9-4B37-937D-F1A8BFB0780A}.Debug|Any CPU.Build.0 = Debug|Any CPU
		{F4191ECB-9AF9-4B37-937D-F1A8BFB0780A}.Debug|Any CPU.Deploy.0 = Debug|Any CPU
		{F4191ECB-9AF9-4B37-937D-F1A8BFB0780A}.Debug|ARM.ActiveCfg = Debug|Any CPU
		{F4191ECB-9AF9-4B37-937D-F1A8BFB0780A}.Debug|ARM.Build.0 = Debug|Any CPU
		{F4191ECB-9AF9-4B37-937D-F1A8BFB0780A}.Debug|ARM.Deploy.0 = Debug|Any CPU
		{F4191ECB-9AF9-4B37-937D-F1A8BFB0780A}.Debug|iPhone.ActiveCfg = Debug|Any CPU
		{F4191ECB-9AF9-4B37-937D-F1A8BFB0780A}.Debug|iPhone.Build.0 = Debug|Any CPU
		{F4191ECB-9AF9-4B37-937D-F1A8BFB0780A}.Debug|iPhoneSimulator.ActiveCfg = Debug|Any CPU
		{F4191ECB-9AF9-4B37-937D-F1A8BFB0780A}.Debug|iPhoneSimulator.Build.0 = Debug|Any CPU
		{F4191ECB-9AF9-4B37-937D-F1A8BFB0780A}.Debug|x64.ActiveCfg = Debug|Any CPU
		{F4191ECB-9AF9-4B37-937D-F1A8BFB0780A}.Debug|x64.Build.0 = Debug|Any CPU
		{F4191ECB-9AF9-4B37-937D-F1A8BFB0780A}.Debug|x86.ActiveCfg = Debug|Any CPU
		{F4191ECB-9AF9-4B37-937D-F1A8BFB0780A}.Debug|x86.Build.0 = Debug|Any CPU
		{F4191ECB-9AF9-4B37-937D-F1A8BFB0780A}.Release|Any CPU.ActiveCfg = Release|Any CPU
		{F4191ECB-9AF9-4B37-937D-F1A8BFB0780A}.Release|Any CPU.Build.0 = Release|Any CPU
		{F4191ECB-9AF9-4B37-937D-F1A8BFB0780A}.Release|ARM.ActiveCfg = Release|Any CPU
		{F4191ECB-9AF9-4B37-937D-F1A8BFB0780A}.Release|ARM.Build.0 = Release|Any CPU
		{F4191ECB-9AF9-4B37-937D-F1A8BFB0780A}.Release|iPhone.ActiveCfg = Release|Any CPU
		{F4191ECB-9AF9-4B37-937D-F1A8BFB0780A}.Release|iPhone.Build.0 = Release|Any CPU
		{F4191ECB-9AF9-4B37-937D-F1A8BFB0780A}.Release|iPhoneSimulator.ActiveCfg = Release|Any CPU
		{F4191ECB-9AF9-4B37-937D-F1A8BFB0780A}.Release|iPhoneSimulator.Build.0 = Release|Any CPU
		{F4191ECB-9AF9-4B37-937D-F1A8BFB0780A}.Release|x64.ActiveCfg = Release|Any CPU
		{F4191ECB-9AF9-4B37-937D-F1A8BFB0780A}.Release|x64.Build.0 = Release|Any CPU
		{F4191ECB-9AF9-4B37-937D-F1A8BFB0780A}.Release|x86.ActiveCfg = Release|Any CPU
		{F4191ECB-9AF9-4B37-937D-F1A8BFB0780A}.Release|x86.Build.0 = Release|Any CPU
	EndGlobalSection
	GlobalSection(SolutionProperties) = preSolution
		HideSolutionNode = FALSE
	EndGlobalSection
EndGlobal
